<?xml version="1.0" encoding="utf-8"?>
<Project ToolsVersion="4.0" xmlns="http://schemas.microsoft.com/developer/msbuild/2003">
  <ItemGroup>
    <Filter Include="Source Files">
      <UniqueIdentifier>{4FC737F1-C7A5-4376-A066-2A32D752A2FF}</UniqueIdentifier>
      <Extensions>cpp;c;cc;cxx;def;odl;idl;hpj;bat;asm;asmx</Extensions>
    </Filter>
    <Filter Include="Header Files">
      <UniqueIdentifier>{93995380-89BD-4b04-88EB-625FBE52EBFB}</UniqueIdentifier>
      <Extensions>h;hh;hpp;hxx;hm;inl;inc;ipp;xsd</Extensions>
    </Filter>
    <Filter Include="Resource Files">
      <UniqueIdentifier>{67DA6AB6-F800-4c08-8B7A-83BB121AAD01}</UniqueIdentifier>
      <Extensions>rc;ico;cur;bmp;dlg;rc2;rct;bin;rgs;gif;jpg;jpeg;jpe;resx;tiff;tif;png;wav;mfcribbon-ms</Extensions>
    </Filter>
    <Filter Include="Libraries">
      <UniqueIdentifier>{05cb75b5-9632-478c-b070-8bc93f6a7811}</UniqueIdentifier>
    </Filter>
    <Filter Include="Libraries\Box2d Debug">
      <UniqueIdentifier>{f98c2a26-c3e0-4439-b345-475a1f002cf4}</UniqueIdentifier>
    </Filter>
    <Filter Include="Libraries\Imgui">
      <UniqueIdentifier>{db8aa912-7177-4dfa-8325-2d721c0f41aa}</UniqueIdentifier>
    </Filter>
    <Filter Include="Source Files\Core">
      <UniqueIdentifier>{6a369d62-8c37-4c1e-8c8d-95621cc961c3}</UniqueIdentifier>
    </Filter>
    <Filter Include="Source Files\Scenes">
      <UniqueIdentifier>{d21529ad-e705-4c84-90e5-cc5e45ec075d}</UniqueIdentifier>
    </Filter>
    <Filter Include="Header Files\Core">
      <UniqueIdentifier>{f1be2f19-144a-4a18-80e8-bfec8b17a4e4}</UniqueIdentifier>
    </Filter>
    <Filter Include="Header Files\Scenes">
      <UniqueIdentifier>{2d289c17-20ed-4d69-91b5-9cd038ab0c94}</UniqueIdentifier>
    </Filter>
    <Filter Include="Header Files\Scenes\IMGui">
      <UniqueIdentifier>{bb26a2b0-9d36-47d2-a8ef-bf045884ad47}</UniqueIdentifier>
    </Filter>
    <Filter Include="Source Files\Scenes\IMGui">
      <UniqueIdentifier>{403e2922-f9c9-461c-9de8-d9c15af3277a}</UniqueIdentifier>
    </Filter>
    <Filter Include="Source Files\Events">
      <UniqueIdentifier>{407df786-9485-4f46-8e12-5c179629fe2c}</UniqueIdentifier>
    </Filter>
    <Filter Include="Header Files\Events">
      <UniqueIdentifier>{8a57783b-1263-42b2-ae2f-65207f43b695}</UniqueIdentifier>
    </Filter>
    <Filter Include="Header Files\Core\Map">
      <UniqueIdentifier>{a29497ed-efbb-43b5-b3bf-781cc8d1269e}</UniqueIdentifier>
    </Filter>
    <Filter Include="Source Files\Core\Map">
      <UniqueIdentifier>{e9e11760-66ac-4750-848f-97f627729e2e}</UniqueIdentifier>
    </Filter>
    <Filter Include="Header Files\Tools">
      <UniqueIdentifier>{c6b76064-69f8-4e6d-9bf7-3de4c121a3c2}</UniqueIdentifier>
    </Filter>
    <Filter Include="Source Files\Tools">
      <UniqueIdentifier>{9ae3f3b6-e98a-4132-adf5-f550d32bcd4a}</UniqueIdentifier>
    </Filter>
    <Filter Include="Source Files\Entities">
      <UniqueIdentifier>{f8b50458-c2a5-4d69-b34b-83304263cb85}</UniqueIdentifier>
    </Filter>
    <Filter Include="Header Files\Entities">
      <UniqueIdentifier>{3e55c048-a94f-408e-b16d-d32a8ec16d52}</UniqueIdentifier>
    </Filter>
    <Filter Include="Header Files\Entities\Components">
      <UniqueIdentifier>{7fd96c72-b996-4026-a9d5-25c4f60a3216}</UniqueIdentifier>
    </Filter>
    <Filter Include="Source Files\Entities\Components">
      <UniqueIdentifier>{135a0ed8-9e69-43ad-8eda-cddf5dbb06f7}</UniqueIdentifier>
    </Filter>
    <Filter Include="Source Files\Bot">
      <UniqueIdentifier>{a241710f-cb43-4598-87b2-d642ca1a082f}</UniqueIdentifier>
    </Filter>
    <Filter Include="Header Files\Bot">
      <UniqueIdentifier>{1bbfb790-255d-4c79-8517-0a0ad97a92b8}</UniqueIdentifier>
    </Filter>
    <Filter Include="Source Files\Bot\Botcommands">
      <UniqueIdentifier>{96a02e2a-2c67-4b76-a9bc-f0df0946e18a}</UniqueIdentifier>
    </Filter>
    <Filter Include="Header Files\Bot\Botcommends">
      <UniqueIdentifier>{b3a412a2-874a-4883-8741-5d44bc69eae7}</UniqueIdentifier>
    </Filter>
  </ItemGroup>
  <ItemGroup>
    <ClCompile Include="main.cpp">
      <Filter>Source Files</Filter>
    </ClCompile>
    <ClCompile Include="imgui.cpp">
      <Filter>Libraries\Imgui</Filter>
    </ClCompile>
    <ClCompile Include="imgui_draw.cpp">
      <Filter>Libraries\Imgui</Filter>
    </ClCompile>
    <ClCompile Include="imgui-SFML.cpp">
      <Filter>Libraries\Imgui</Filter>
    </ClCompile>
    <ClCompile Include="Game.cpp">
      <Filter>Source Files</Filter>
    </ClCompile>
    <ClCompile Include="PacketManager.cpp">
      <Filter>Source Files</Filter>
    </ClCompile>
    <ClCompile Include="SceneManager.cpp">
      <Filter>Source Files\Scenes</Filter>
    </ClCompile>
    <ClCompile Include="Scene.cpp">
      <Filter>Source Files\Scenes</Filter>
    </ClCompile>
    <ClCompile Include="IGManager.cpp">
      <Filter>Source Files\Scenes\IMGui</Filter>
    </ClCompile>
    <ClCompile Include="LoginScene.cpp">
      <Filter>Source Files\Scenes</Filter>
    </ClCompile>
    <ClCompile Include="IGWindow.cpp">
      <Filter>Source Files\Scenes\IMGui</Filter>
    </ClCompile>
    <ClCompile Include="IGLoginCredentials.cpp">
      <Filter>Source Files\Scenes\IMGui</Filter>
    </ClCompile>
    <ClCompile Include="ClientEventActions.cpp">
      <Filter>Source Files\Events</Filter>
    </ClCompile>
    <ClCompile Include="GamePlayScene.cpp">
      <Filter>Source Files\Scenes</Filter>
    </ClCompile>
    <ClCompile Include="IGGameMenu.cpp">
      <Filter>Source Files\Scenes\IMGui</Filter>
    </ClCompile>
    <ClCompile Include="Map.cpp">
      <Filter>Source Files\Core\Map</Filter>
    </ClCompile>
    <ClCompile Include="Field.cpp">
      <Filter>Source Files\Core\Map</Filter>
    </ClCompile>
    <ClCompile Include="ClientSettings.cpp">
      <Filter>Source Files</Filter>
    </ClCompile>
    <ClCompile Include="FieldLayer.cpp">
      <Filter>Source Files\Core\Map</Filter>
    </ClCompile>
    <ClCompile Include="ResourceHolder.cpp">
      <Filter>Source Files\Tools</Filter>
    </ClCompile>
    <ClCompile Include="PMStatistics.cpp">
      <Filter>Source Files\Tools</Filter>
    </ClCompile>
    <ClCompile Include="Entity.cpp">
      <Filter>Source Files\Entities</Filter>
    </ClCompile>
    <ClCompile Include="Player.cpp">
      <Filter>Source Files\Entities</Filter>
    </ClCompile>
    <ClCompile Include="Component.cpp">
      <Filter>Source Files\Entities\Components</Filter>
    </ClCompile>
    <ClCompile Include="b2GLDraw.cpp">
      <Filter>Libraries\Box2d Debug</Filter>
    </ClCompile>
    <ClCompile Include="PositionComponent.cpp">
      <Filter>Source Files\Entities\Components</Filter>
    </ClCompile>
    <ClCompile Include="Animation.cpp">
      <Filter>Source Files\Core</Filter>
    </ClCompile>
    <ClCompile Include="RenderSprite.cpp">
      <Filter>Source Files\Core</Filter>
    </ClCompile>
    <ClCompile Include="RenderComponent.cpp">
      <Filter>Source Files\Entities\Components</Filter>
    </ClCompile>
    <ClCompile Include="GameObject.cpp">
      <Filter>Source Files\Entities</Filter>
    </ClCompile>
    <ClCompile Include="Camera.cpp">
      <Filter>Source Files\Core</Filter>
    </ClCompile>
    <ClCompile Include="Box2DTools.cpp">
      <Filter>Source Files\Tools</Filter>
    </ClCompile>
    <ClCompile Include="AnimatedSprite.cpp">
      <Filter>Source Files\Core</Filter>
    </ClCompile>
    <ClCompile Include="JsonLoader.cpp">
      <Filter>Source Files\Tools</Filter>
    </ClCompile>
    <ClCompile Include="Collider.cpp">
      <Filter>Source Files\Entities</Filter>
    </ClCompile>
    <ClCompile Include="Account.cpp">
      <Filter>Source Files</Filter>
    </ClCompile>
    <ClCompile Include="IGPopup.cpp">
      <Filter>Source Files\Scenes\IMGui</Filter>
    </ClCompile>
    <ClCompile Include="CharacterChooseScene.cpp">
      <Filter>Source Files\Scenes</Filter>
    </ClCompile>
    <ClCompile Include="IGAvailableCharacters.cpp">
      <Filter>Source Files\Scenes\IMGui</Filter>
    </ClCompile>
    <ClCompile Include="TileSetsHolder.cpp">
      <Filter>Source Files\Tools</Filter>
    </ClCompile>
    <ClCompile Include="MapContactListener.cpp">
      <Filter>Source Files\Core\Map</Filter>
    </ClCompile>
    <ClCompile Include="BotGame.cpp">
      <Filter>Source Files\Bot</Filter>
    </ClCompile>
    <ClCompile Include="BotCommand.cpp">
      <Filter>Source Files\Bot\Botcommands</Filter>
    </ClCompile>
    <ClCompile Include="BotCommandMoveTo.cpp">
      <Filter>Source Files\Bot\Botcommands</Filter>
    </ClCompile>
    <ClCompile Include="Npc.cpp">
      <Filter>Source Files\Entities</Filter>
    </ClCompile>
    <ClCompile Include="IGEntityInfo.cpp">
      <Filter>Source Files\Scenes\IMGui</Filter>
    </ClCompile>
    <ClCompile Include="AttributesComponent.cpp">
      <Filter>Source Files\Entities\Components</Filter>
    </ClCompile>
    <ClCompile Include="ImGuiFonts.cpp">
      <Filter>Source Files</Filter>
    </ClCompile>
    <ClCompile Include="Spell.cpp">
      <Filter>Source Files\Entities</Filter>
    </ClCompile>
    <ClCompile Include="EntityPrototypes.cpp">
      <Filter>Source Files\Tools</Filter>
    </ClCompile>
    <ClCompile Include="IGActionBar.cpp">
      <Filter>Source Files\Scenes\IMGui</Filter>
    </ClCompile>
    <ClCompile Include="EntityToEntityRayCast.cpp">
      <Filter>Source Files\Core\Map</Filter>
    </ClCompile>
    <ClCompile Include="IGCharacterInfo.cpp">
      <Filter>Source Files\Scenes\IMGui</Filter>
    </ClCompile>
  </ItemGroup>
  <ItemGroup>
    <ClInclude Include="json.hpp">
      <Filter>Libraries</Filter>
    </ClInclude>
    <ClInclude Include="INIReader.h">
      <Filter>Libraries</Filter>
    </ClInclude>
    <ClInclude Include="ClientSettings.h">
      <Filter>Header Files</Filter>
    </ClInclude>
    <ClInclude Include="Game.h">
      <Filter>Header Files</Filter>
    </ClInclude>
    <ClInclude Include="PacketManager.h">
      <Filter>Header Files</Filter>
    </ClInclude>
    <ClInclude Include="SceneManager.h">
      <Filter>Header Files\Scenes</Filter>
    </ClInclude>
    <ClInclude Include="Scene.h">
      <Filter>Header Files\Scenes</Filter>
    </ClInclude>
    <ClInclude Include="IGManager.h">
      <Filter>Header Files\Scenes\IMGui</Filter>
    </ClInclude>
    <ClInclude Include="LoginScene.h">
      <Filter>Header Files\Scenes</Filter>
    </ClInclude>
    <ClInclude Include="IGWindow.h">
      <Filter>Header Files\Scenes\IMGui</Filter>
    </ClInclude>
    <ClInclude Include="IGLoginCredentials.h">
      <Filter>Header Files\Scenes\IMGui</Filter>
    </ClInclude>
    <ClInclude Include="ClientEventActions.h">
      <Filter>Header Files\Events</Filter>
    </ClInclude>
    <ClInclude Include="EventDispatcher.h">
      <Filter>Header Files</Filter>
    </ClInclude>
    <ClInclude Include="GamePlayScene.h">
      <Filter>Header Files\Scenes</Filter>
    </ClInclude>
    <ClInclude Include="IGGameMenu.h">
      <Filter>Header Files\Scenes\IMGui</Filter>
    </ClInclude>
    <ClInclude Include="Map.h">
      <Filter>Header Files\Core\Map</Filter>
    </ClInclude>
    <ClInclude Include="FieldLayer.h">
      <Filter>Header Files\Core\Map</Filter>
    </ClInclude>
    <ClInclude Include="Field.h">
      <Filter>Header Files\Core\Map</Filter>
    </ClInclude>
    <ClInclude Include="RenderSprite.h">
      <Filter>Header Files\Core</Filter>
    </ClInclude>
    <ClInclude Include="ResourceHolder.h">
      <Filter>Header Files\Tools</Filter>
    </ClInclude>
    <ClInclude Include="RunningAverage.h">
      <Filter>Header Files\Tools</Filter>
    </ClInclude>
    <ClInclude Include="PMStatistics.h">
      <Filter>Header Files\Tools</Filter>
    </ClInclude>
    <ClInclude Include="Entity.h">
      <Filter>Header Files\Entities</Filter>
    </ClInclude>
    <ClInclude Include="Player.h">
      <Filter>Header Files\Entities</Filter>
    </ClInclude>
    <ClInclude Include="Component.h">
      <Filter>Header Files\Entities\Components</Filter>
    </ClInclude>
    <ClInclude Include="b2GLDraw.h">
      <Filter>Libraries\Box2d Debug</Filter>
    </ClInclude>
    <ClInclude Include="Globals.h">
      <Filter>Header Files</Filter>
    </ClInclude>
    <ClInclude Include="PositionComponent.h">
      <Filter>Header Files\Entities\Components</Filter>
    </ClInclude>
    <ClInclude Include="Animation.h">
      <Filter>Header Files\Core</Filter>
    </ClInclude>
    <ClInclude Include="Camera.h">
      <Filter>Header Files\Core</Filter>
    </ClInclude>
    <ClInclude Include="RenderComponent.h">
      <Filter>Header Files\Entities\Components</Filter>
    </ClInclude>
    <ClInclude Include="Box2DTools.h">
      <Filter>Header Files\Tools</Filter>
    </ClInclude>
    <ClInclude Include="VisibleObjectsCast.h">
      <Filter>Header Files\Tools</Filter>
    </ClInclude>
    <ClInclude Include="GameObject.h">
      <Filter>Header Files\Entities</Filter>
    </ClInclude>
    <ClInclude Include="AnimatedSprite.h">
      <Filter>Header Files\Core</Filter>
    </ClInclude>
    <ClInclude Include="JsonLoader.h">
      <Filter>Header Files\Tools</Filter>
    </ClInclude>
    <ClInclude Include="Collider.h">
      <Filter>Header Files\Entities</Filter>
    </ClInclude>
    <ClInclude Include="Account.h">
      <Filter>Header Files\Core</Filter>
    </ClInclude>
    <ClInclude Include="IGPopup.h">
      <Filter>Header Files\Scenes\IMGui</Filter>
    </ClInclude>
    <ClInclude Include="CharacterChooseScene.h">
      <Filter>Header Files\Scenes</Filter>
    </ClInclude>
    <ClInclude Include="IGAvailableCharacters.h">
      <Filter>Header Files\Scenes\IMGui</Filter>
    </ClInclude>
    <ClInclude Include="TileSetsHolder.h">
      <Filter>Header Files\Tools</Filter>
    </ClInclude>
    <ClInclude Include="MapContactListener.h">
      <Filter>Header Files\Core\Map</Filter>
    </ClInclude>
    <ClInclude Include="sfLine.h">
      <Filter>Header Files</Filter>
    </ClInclude>
    <ClInclude Include="BotGame.h">
      <Filter>Header Files\Bot</Filter>
    </ClInclude>
    <ClInclude Include="BotCommand.h">
      <Filter>Header Files\Bot\Botcommends</Filter>
    </ClInclude>
    <ClInclude Include="BotCommandMoveTo.h">
      <Filter>Header Files\Bot\Botcommends</Filter>
    </ClInclude>
    <ClInclude Include="Npc.h">
      <Filter>Header Files\Entities</Filter>
    </ClInclude>
    <ClInclude Include="IGEntityInfo.h">
      <Filter>Header Files\Scenes\IMGui</Filter>
    </ClInclude>
    <ClInclude Include="AttributesComponent.h">
      <Filter>Header Files\Entities\Components</Filter>
    </ClInclude>
    <ClInclude Include="ImGuiFonts.h">
      <Filter>Header Files</Filter>
    </ClInclude>
    <ClInclude Include="Spell.h">
      <Filter>Header Files\Entities</Filter>
    </ClInclude>
    <ClInclude Include="EntityPrototypes.h">
      <Filter>Header Files\Tools</Filter>
    </ClInclude>
    <ClInclude Include="EntityToEntityRayCast.h">
      <Filter>Header Files\Core\Map</Filter>
    </ClInclude>
    <ClInclude Include="IGActionBar.h">
      <Filter>Header Files\Scenes\IMGui</Filter>
    </ClInclude>
    <ClInclude Include="IGCharacterInfo.h">
      <Filter>Header Files\Scenes\IMGui</Filter>
    </ClInclude>
  </ItemGroup>
  <ItemGroup>
    <None Include="ClassDiagram.cd" />
  </ItemGroup>
</Project>