<?xml version="1.0" encoding="utf-8"?>
<Project ToolsVersion="4.0" xmlns="http://schemas.microsoft.com/developer/msbuild/2003">
  <ItemGroup>
    <Filter Include="Source Files">
      <UniqueIdentifier>{4FC737F1-C7A5-4376-A066-2A32D752A2FF}</UniqueIdentifier>
      <Extensions>cpp;c;cc;cxx;def;odl;idl;hpj;bat;asm;asmx</Extensions>
    </Filter>
    <Filter Include="Header Files">
      <UniqueIdentifier>{93995380-89BD-4b04-88EB-625FBE52EBFB}</UniqueIdentifier>
      <Extensions>h;hh;hpp;hxx;hm;inl;inc;ipp;xsd</Extensions>
    </Filter>
    <Filter Include="Resource Files">
      <UniqueIdentifier>{67DA6AB6-F800-4c08-8B7A-83BB121AAD01}</UniqueIdentifier>
      <Extensions>rc;ico;cur;bmp;dlg;rc2;rct;bin;rgs;gif;jpg;jpeg;jpe;resx;tiff;tif;png;wav;mfcribbon-ms</Extensions>
    </Filter>
    <Filter Include="Libraries">
      <UniqueIdentifier>{3611b772-21d4-4e36-83e8-fb04719f0560}</UniqueIdentifier>
    </Filter>
    <Filter Include="Header Files\Database">
      <UniqueIdentifier>{f744465c-df93-4dda-9b2b-1bb2241ec81c}</UniqueIdentifier>
    </Filter>
    <Filter Include="Source Files\Database">
      <UniqueIdentifier>{244cca55-f6ff-4be3-8089-b1cbec78dc37}</UniqueIdentifier>
    </Filter>
    <Filter Include="Header Files\Managers">
      <UniqueIdentifier>{d4a32210-8323-4090-8584-9641c6e041cb}</UniqueIdentifier>
    </Filter>
    <Filter Include="Source Files\Managers">
      <UniqueIdentifier>{7b1d6c77-555a-445f-abba-4daeb04f1bbd}</UniqueIdentifier>
    </Filter>
    <Filter Include="Header Files\Tools">
      <UniqueIdentifier>{83efe66b-970a-4648-ab6f-b302184082e6}</UniqueIdentifier>
    </Filter>
    <Filter Include="Source Files\Tools">
      <UniqueIdentifier>{286a43a5-2612-4f2c-83c8-926cd4ba0798}</UniqueIdentifier>
    </Filter>
    <Filter Include="Source Files\Entities">
      <UniqueIdentifier>{0b69b0f2-4623-424b-b6db-21304bcae75d}</UniqueIdentifier>
    </Filter>
    <Filter Include="Header Files\Entities">
      <UniqueIdentifier>{b3b8751c-7894-4438-867c-467496e56481}</UniqueIdentifier>
    </Filter>
    <Filter Include="Header Files\NpcCommands">
      <UniqueIdentifier>{3e29226e-3a05-4938-b441-914e9ce4f569}</UniqueIdentifier>
    </Filter>
    <Filter Include="Source Files\NpcCommands">
      <UniqueIdentifier>{69f15386-735c-41be-b100-785925994a50}</UniqueIdentifier>
    </Filter>
    <Filter Include="Header Files\Entities\Parts">
      <UniqueIdentifier>{38623bed-81c1-4712-b3b6-ae018db92910}</UniqueIdentifier>
    </Filter>
    <Filter Include="Source Files\Entities\Parts">
      <UniqueIdentifier>{c4af6dd6-71b9-4b39-a606-79cdedc6baa1}</UniqueIdentifier>
    </Filter>
    <Filter Include="Libraries\Lua">
      <UniqueIdentifier>{3d578588-9320-407c-a66b-0ecdbe0f3a18}</UniqueIdentifier>
    </Filter>
    <Filter Include="Libraries\Sol2">
      <UniqueIdentifier>{608c53e8-d6d5-4adb-9159-96dfefd0e3be}</UniqueIdentifier>
    </Filter>
    <Filter Include="Source Files\NpcEvents">
      <UniqueIdentifier>{306a4498-c729-4bf4-ae59-f7c86f6a7280}</UniqueIdentifier>
    </Filter>
    <Filter Include="Header Files\NpcEvents">
      <UniqueIdentifier>{e1f1199f-e636-4597-a21d-402c812f6b1d}</UniqueIdentifier>
    </Filter>
    <Filter Include="Header Files\Effects">
      <UniqueIdentifier>{9d237f7e-7a3e-439d-9169-66262aba9492}</UniqueIdentifier>
    </Filter>
    <Filter Include="Source Files\Effects">
      <UniqueIdentifier>{7e0d46a8-fd7f-408f-aff0-c3e6b47f885b}</UniqueIdentifier>
    </Filter>
    <Filter Include="Header Files\SpellEvents">
      <UniqueIdentifier>{c120e5f8-469e-46f6-aaca-83df005d0bd4}</UniqueIdentifier>
    </Filter>
    <Filter Include="Source Files\SpellEvents">
      <UniqueIdentifier>{f5ebfa44-b678-4859-91b7-5373e91e5dc6}</UniqueIdentifier>
    </Filter>
    <Filter Include="Header Files\LuaConnectors">
      <UniqueIdentifier>{ca07ebb7-4025-46cb-aa68-4edf4388d626}</UniqueIdentifier>
    </Filter>
    <Filter Include="Source Files\LuaConnectors">
      <UniqueIdentifier>{47d0fdc0-1172-4304-954c-288b3fab1c56}</UniqueIdentifier>
    </Filter>
  </ItemGroup>
  <ItemGroup>
    <ClCompile Include="main.cpp">
      <Filter>Source Files</Filter>
    </ClCompile>
    <ClCompile Include="Server.cpp">
      <Filter>Source Files</Filter>
    </ClCompile>
    <ClCompile Include="Session.cpp">
      <Filter>Source Files</Filter>
    </ClCompile>
    <ClCompile Include="ServerSettings.cpp">
      <Filter>Source Files</Filter>
    </ClCompile>
    <ClCompile Include="Database.cpp">
      <Filter>Source Files\Database</Filter>
    </ClCompile>
    <ClCompile Include="AuthManager.cpp">
      <Filter>Source Files\Managers</Filter>
    </ClCompile>
    <ClCompile Include="Manager.cpp">
      <Filter>Source Files\Managers</Filter>
    </ClCompile>
    <ClCompile Include="ServerTasks.cpp">
      <Filter>Source Files</Filter>
    </ClCompile>
    <ClCompile Include="Crypto.cpp">
      <Filter>Source Files\Tools</Filter>
    </ClCompile>
    <ClCompile Include="Account.cpp">
      <Filter>Source Files\Entities</Filter>
    </ClCompile>
    <ClCompile Include="Character.cpp">
      <Filter>Source Files\Entities</Filter>
    </ClCompile>
    <ClCompile Include="MapsManager.cpp">
      <Filter>Source Files\Managers</Filter>
    </ClCompile>
    <ClCompile Include="JsonLoader.cpp">
      <Filter>Source Files\Tools</Filter>
    </ClCompile>
    <ClCompile Include="Npc.cpp">
      <Filter>Source Files\Entities</Filter>
    </ClCompile>
    <ClCompile Include="NpcHolder.cpp">
      <Filter>Source Files\Tools</Filter>
    </ClCompile>
    <ClCompile Include="SpawnManager.cpp">
      <Filter>Source Files\Managers</Filter>
    </ClCompile>
    <ClCompile Include="IDManager.cpp">
      <Filter>Source Files\Tools</Filter>
    </ClCompile>
    <ClCompile Include="BotManager.cpp">
      <Filter>Source Files\Managers</Filter>
    </ClCompile>
    <ClCompile Include="Location.cpp">
      <Filter>Source Files\Entities</Filter>
    </ClCompile>
    <ClCompile Include="Spawn.cpp">
      <Filter>Source Files\Entities</Filter>
    </ClCompile>
    <ClCompile Include="Map.cpp">
      <Filter>Source Files\Entities</Filter>
    </ClCompile>
    <ClCompile Include="NpcManager.cpp">
      <Filter>Source Files\Managers</Filter>
    </ClCompile>
    <ClCompile Include="NpcCommand.cpp">
      <Filter>Source Files\NpcCommands</Filter>
    </ClCompile>
    <ClCompile Include="NpcCommandMoveTo.cpp">
      <Filter>Source Files\NpcCommands</Filter>
    </ClCompile>
    <ClCompile Include="NpcCommandStay.cpp">
      <Filter>Source Files\NpcCommands</Filter>
    </ClCompile>
    <ClCompile Include="EntityPosition.cpp">
      <Filter>Source Files\Entities\Parts</Filter>
    </ClCompile>
    <ClCompile Include="EntityAttributes.cpp">
      <Filter>Source Files\Entities\Parts</Filter>
    </ClCompile>
    <ClCompile Include="Lua\lapi.c">
      <Filter>Libraries\Lua</Filter>
    </ClCompile>
    <ClCompile Include="Lua\lauxlib.c">
      <Filter>Libraries\Lua</Filter>
    </ClCompile>
    <ClCompile Include="Lua\lbaselib.c">
      <Filter>Libraries\Lua</Filter>
    </ClCompile>
    <ClCompile Include="Lua\lbitlib.c">
      <Filter>Libraries\Lua</Filter>
    </ClCompile>
    <ClCompile Include="Lua\lcode.c">
      <Filter>Libraries\Lua</Filter>
    </ClCompile>
    <ClCompile Include="Lua\lcorolib.c">
      <Filter>Libraries\Lua</Filter>
    </ClCompile>
    <ClCompile Include="Lua\lctype.c">
      <Filter>Libraries\Lua</Filter>
    </ClCompile>
    <ClCompile Include="Lua\ldblib.c">
      <Filter>Libraries\Lua</Filter>
    </ClCompile>
    <ClCompile Include="Lua\ldebug.c">
      <Filter>Libraries\Lua</Filter>
    </ClCompile>
    <ClCompile Include="Lua\ldo.c">
      <Filter>Libraries\Lua</Filter>
    </ClCompile>
    <ClCompile Include="Lua\ldump.c">
      <Filter>Libraries\Lua</Filter>
    </ClCompile>
    <ClCompile Include="Lua\lfunc.c">
      <Filter>Libraries\Lua</Filter>
    </ClCompile>
    <ClCompile Include="Lua\lgc.c">
      <Filter>Libraries\Lua</Filter>
    </ClCompile>
    <ClCompile Include="Lua\linit.c">
      <Filter>Libraries\Lua</Filter>
    </ClCompile>
    <ClCompile Include="Lua\liolib.c">
      <Filter>Libraries\Lua</Filter>
    </ClCompile>
    <ClCompile Include="Lua\llex.c">
      <Filter>Libraries\Lua</Filter>
    </ClCompile>
    <ClCompile Include="Lua\lmathlib.c">
      <Filter>Libraries\Lua</Filter>
    </ClCompile>
    <ClCompile Include="Lua\lmem.c">
      <Filter>Libraries\Lua</Filter>
    </ClCompile>
    <ClCompile Include="Lua\loadlib.c">
      <Filter>Libraries\Lua</Filter>
    </ClCompile>
    <ClCompile Include="Lua\lobject.c">
      <Filter>Libraries\Lua</Filter>
    </ClCompile>
    <ClCompile Include="Lua\lopcodes.c">
      <Filter>Libraries\Lua</Filter>
    </ClCompile>
    <ClCompile Include="Lua\loslib.c">
      <Filter>Libraries\Lua</Filter>
    </ClCompile>
    <ClCompile Include="Lua\lparser.c">
      <Filter>Libraries\Lua</Filter>
    </ClCompile>
    <ClCompile Include="Lua\lstate.c">
      <Filter>Libraries\Lua</Filter>
    </ClCompile>
    <ClCompile Include="Lua\lstring.c">
      <Filter>Libraries\Lua</Filter>
    </ClCompile>
    <ClCompile Include="Lua\lstrlib.c">
      <Filter>Libraries\Lua</Filter>
    </ClCompile>
    <ClCompile Include="Lua\ltable.c">
      <Filter>Libraries\Lua</Filter>
    </ClCompile>
    <ClCompile Include="Lua\ltablib.c">
      <Filter>Libraries\Lua</Filter>
    </ClCompile>
    <ClCompile Include="Lua\ltm.c">
      <Filter>Libraries\Lua</Filter>
    </ClCompile>
    <ClCompile Include="Lua\lundump.c">
      <Filter>Libraries\Lua</Filter>
    </ClCompile>
    <ClCompile Include="Lua\lutf8lib.c">
      <Filter>Libraries\Lua</Filter>
    </ClCompile>
    <ClCompile Include="Lua\lvm.c">
      <Filter>Libraries\Lua</Filter>
    </ClCompile>
    <ClCompile Include="Lua\lzio.c">
      <Filter>Libraries\Lua</Filter>
    </ClCompile>
    <ClCompile Include="NpcEvent.cpp">
      <Filter>Source Files\NpcEvents</Filter>
    </ClCompile>
    <ClCompile Include="NpcEventNpcIsIdle.cpp">
      <Filter>Source Files\NpcEvents</Filter>
    </ClCompile>
    <ClCompile Include="Effect.cpp">
      <Filter>Source Files\Effects</Filter>
    </ClCompile>
    <ClCompile Include="SpellManager.cpp">
      <Filter>Source Files\Managers</Filter>
    </ClCompile>
    <ClCompile Include="Spell.cpp">
      <Filter>Source Files\Entities</Filter>
    </ClCompile>
    <ClCompile Include="SpellHolder.cpp">
      <Filter>Source Files\Tools</Filter>
    </ClCompile>
    <ClCompile Include="MovableSpell.cpp">
      <Filter>Source Files\Entities</Filter>
    </ClCompile>
    <ClCompile Include="TextFileLoader.cpp">
      <Filter>Source Files\Tools</Filter>
    </ClCompile>
    <ClCompile Include="SpellEvent.cpp">
      <Filter>Source Files\SpellEvents</Filter>
    </ClCompile>
    <ClCompile Include="EntitySpells.cpp">
      <Filter>Source Files\Entities\Parts</Filter>
    </ClCompile>
    <ClCompile Include="EntityToEntityRayCast.cpp">
      <Filter>Source Files\Tools</Filter>
    </ClCompile>
    <ClCompile Include="SpellEventCharacterExecute.cpp">
      <Filter>Source Files\SpellEvents</Filter>
    </ClCompile>
    <ClCompile Include="SpellEventNpcExecute.cpp">
      <Filter>Source Files\SpellEvents</Filter>
    </ClCompile>
    <ClCompile Include="SpellEventApplyEffects.cpp">
      <Filter>Source Files\SpellEvents</Filter>
    </ClCompile>
    <ClCompile Include="ChatManager.cpp">
      <Filter>Source Files\Managers</Filter>
    </ClCompile>
    <ClCompile Include="EffectModifyAttributes.cpp">
      <Filter>Source Files\Effects</Filter>
    </ClCompile>
    <ClCompile Include="CharacterManager.cpp">
      <Filter>Source Files</Filter>
    </ClCompile>
    <ClCompile Include="NpcLuaConnector.cpp">
      <Filter>Source Files\LuaConnectors</Filter>
    </ClCompile>
    <ClCompile Include="EntityCombat.cpp">
      <Filter>Source Files\Entities\Parts</Filter>
    </ClCompile>
    <ClCompile Include="NpcCommandCombat.cpp">
      <Filter>Source Files\NpcCommands</Filter>
    </ClCompile>
    <ClCompile Include="NpcEventCombatDecision.cpp">
      <Filter>Source Files\NpcEvents</Filter>
    </ClCompile>
    <ClCompile Include="EffectDealDamage.cpp">
      <Filter>Source Files\Effects</Filter>
    </ClCompile>
    <ClCompile Include="EffectHealTarget.cpp">
      <Filter>Source Files\Effects</Filter>
    </ClCompile>
  </ItemGroup>
  <ItemGroup>
    <ClInclude Include="INIReader.h">
      <Filter>Libraries</Filter>
    </ClInclude>
    <ClInclude Include="json.hpp">
      <Filter>Libraries</Filter>
    </ClInclude>
    <ClInclude Include="ServerSettings.h">
      <Filter>Header Files</Filter>
    </ClInclude>
    <ClInclude Include="Server.h">
      <Filter>Header Files</Filter>
    </ClInclude>
    <ClInclude Include="Session.h">
      <Filter>Header Files</Filter>
    </ClInclude>
    <ClInclude Include="Database.h">
      <Filter>Header Files\Database</Filter>
    </ClInclude>
    <ClInclude Include="AuthManager.h">
      <Filter>Header Files\Managers</Filter>
    </ClInclude>
    <ClInclude Include="Manager.h">
      <Filter>Header Files\Managers</Filter>
    </ClInclude>
    <ClInclude Include="ServerTasks.h">
      <Filter>Header Files</Filter>
    </ClInclude>
    <ClInclude Include="Crypto.h">
      <Filter>Header Files\Tools</Filter>
    </ClInclude>
    <ClInclude Include="Account.h">
      <Filter>Header Files\Entities</Filter>
    </ClInclude>
    <ClInclude Include="Character.h">
      <Filter>Header Files\Entities</Filter>
    </ClInclude>
    <ClInclude Include="MapsManager.h">
      <Filter>Header Files\Managers</Filter>
    </ClInclude>
    <ClInclude Include="JsonLoader.h">
      <Filter>Header Files\Tools</Filter>
    </ClInclude>
    <ClInclude Include="ServerGlobals.h">
      <Filter>Header Files\Tools</Filter>
    </ClInclude>
    <ClInclude Include="Npc.h">
      <Filter>Header Files\Entities</Filter>
    </ClInclude>
    <ClInclude Include="NpcHolder.h">
      <Filter>Header Files\Tools</Filter>
    </ClInclude>
    <ClInclude Include="SpawnManager.h">
      <Filter>Header Files\Managers</Filter>
    </ClInclude>
    <ClInclude Include="BotManager.h">
      <Filter>Header Files\Managers</Filter>
    </ClInclude>
    <ClInclude Include="IDManager.h">
      <Filter>Header Files\Tools</Filter>
    </ClInclude>
    <ClInclude Include="Location.h">
      <Filter>Header Files\Entities</Filter>
    </ClInclude>
    <ClInclude Include="Spawn.h">
      <Filter>Header Files\Entities</Filter>
    </ClInclude>
    <ClInclude Include="Map.h">
      <Filter>Header Files\Entities</Filter>
    </ClInclude>
    <ClInclude Include="NpcManager.h">
      <Filter>Header Files\Managers</Filter>
    </ClInclude>
    <ClInclude Include="NpcCommand.h">
      <Filter>Header Files\NpcCommands</Filter>
    </ClInclude>
    <ClInclude Include="NpcCommandMoveTo.h">
      <Filter>Header Files\NpcCommands</Filter>
    </ClInclude>
    <ClInclude Include="NpcCommandStay.h">
      <Filter>Header Files\NpcCommands</Filter>
    </ClInclude>
    <ClInclude Include="EntityAttributes.h">
      <Filter>Header Files\Entities\Parts</Filter>
    </ClInclude>
    <ClInclude Include="EntityPosition.h">
      <Filter>Header Files\Entities\Parts</Filter>
    </ClInclude>
    <ClInclude Include="Lua\lapi.h">
      <Filter>Libraries\Lua</Filter>
    </ClInclude>
    <ClInclude Include="Lua\lauxlib.h">
      <Filter>Libraries\Lua</Filter>
    </ClInclude>
    <ClInclude Include="Lua\lcode.h">
      <Filter>Libraries\Lua</Filter>
    </ClInclude>
    <ClInclude Include="Lua\lctype.h">
      <Filter>Libraries\Lua</Filter>
    </ClInclude>
    <ClInclude Include="Lua\ldebug.h">
      <Filter>Libraries\Lua</Filter>
    </ClInclude>
    <ClInclude Include="Lua\ldo.h">
      <Filter>Libraries\Lua</Filter>
    </ClInclude>
    <ClInclude Include="Lua\lfunc.h">
      <Filter>Libraries\Lua</Filter>
    </ClInclude>
    <ClInclude Include="Lua\lgc.h">
      <Filter>Libraries\Lua</Filter>
    </ClInclude>
    <ClInclude Include="Lua\llex.h">
      <Filter>Libraries\Lua</Filter>
    </ClInclude>
    <ClInclude Include="Lua\llimits.h">
      <Filter>Libraries\Lua</Filter>
    </ClInclude>
    <ClInclude Include="Lua\lmem.h">
      <Filter>Libraries\Lua</Filter>
    </ClInclude>
    <ClInclude Include="Lua\lobject.h">
      <Filter>Libraries\Lua</Filter>
    </ClInclude>
    <ClInclude Include="Lua\lopcodes.h">
      <Filter>Libraries\Lua</Filter>
    </ClInclude>
    <ClInclude Include="Lua\lparser.h">
      <Filter>Libraries\Lua</Filter>
    </ClInclude>
    <ClInclude Include="Lua\lprefix.h">
      <Filter>Libraries\Lua</Filter>
    </ClInclude>
    <ClInclude Include="Lua\lstate.h">
      <Filter>Libraries\Lua</Filter>
    </ClInclude>
    <ClInclude Include="Lua\lstring.h">
      <Filter>Libraries\Lua</Filter>
    </ClInclude>
    <ClInclude Include="Lua\ltable.h">
      <Filter>Libraries\Lua</Filter>
    </ClInclude>
    <ClInclude Include="Lua\ltm.h">
      <Filter>Libraries\Lua</Filter>
    </ClInclude>
    <ClInclude Include="Lua\lua.h">
      <Filter>Libraries\Lua</Filter>
    </ClInclude>
    <ClInclude Include="Lua\lua.hpp">
      <Filter>Libraries\Lua</Filter>
    </ClInclude>
    <ClInclude Include="Lua\luaconf.h">
      <Filter>Libraries\Lua</Filter>
    </ClInclude>
    <ClInclude Include="Lua\lualib.h">
      <Filter>Libraries\Lua</Filter>
    </ClInclude>
    <ClInclude Include="Lua\lundump.h">
      <Filter>Libraries\Lua</Filter>
    </ClInclude>
    <ClInclude Include="Lua\lvm.h">
      <Filter>Libraries\Lua</Filter>
    </ClInclude>
    <ClInclude Include="Lua\lzio.h">
      <Filter>Libraries\Lua</Filter>
    </ClInclude>
    <ClInclude Include="Lua\sol.hpp">
      <Filter>Libraries\Sol2</Filter>
    </ClInclude>
    <ClInclude Include="Lua\sol_forward.hpp">
      <Filter>Libraries\Sol2</Filter>
    </ClInclude>
    <ClInclude Include="EventDispatcher.h">
      <Filter>Header Files\Tools</Filter>
    </ClInclude>
    <ClInclude Include="NpcEvent.h">
      <Filter>Header Files\NpcEvents</Filter>
    </ClInclude>
    <ClInclude Include="NpcEventNpcIsIdle.h">
      <Filter>Header Files\NpcEvents</Filter>
    </ClInclude>
    <ClInclude Include="Effect.h">
      <Filter>Header Files\Effects</Filter>
    </ClInclude>
    <ClInclude Include="Spell.h">
      <Filter>Header Files\Entities</Filter>
    </ClInclude>
    <ClInclude Include="SpellManager.h">
      <Filter>Header Files\Managers</Filter>
    </ClInclude>
    <ClInclude Include="MovableSpell.h">
      <Filter>Header Files\Entities</Filter>
    </ClInclude>
    <ClInclude Include="SpellHolder.h">
      <Filter>Header Files\Tools</Filter>
    </ClInclude>
    <ClInclude Include="TextFileLoader.h">
      <Filter>Header Files\Tools</Filter>
    </ClInclude>
    <ClInclude Include="SpellEvent.h">
      <Filter>Header Files\SpellEvents</Filter>
    </ClInclude>
    <ClInclude Include="EntitySpells.h">
      <Filter>Header Files\Entities\Parts</Filter>
    </ClInclude>
    <ClInclude Include="EntityToEntityRayCast.h">
      <Filter>Header Files\Tools</Filter>
    </ClInclude>
    <ClInclude Include="Entity.h">
      <Filter>Header Files\Entities\Parts</Filter>
    </ClInclude>
    <ClInclude Include="SpellEventCharacterExecute.h">
      <Filter>Header Files\SpellEvents</Filter>
    </ClInclude>
    <ClInclude Include="SpellEventNpcExecute.h">
      <Filter>Header Files\SpellEvents</Filter>
    </ClInclude>
    <ClInclude Include="SpellEventApplyEffects.h">
      <Filter>Header Files\SpellEvents</Filter>
    </ClInclude>
    <ClInclude Include="ChatManager.h">
      <Filter>Header Files\Managers</Filter>
    </ClInclude>
    <ClInclude Include="EffectModifyAttributes.h">
      <Filter>Header Files\Effects</Filter>
    </ClInclude>
    <ClInclude Include="CharacterManager.h">
      <Filter>Header Files\Managers</Filter>
    </ClInclude>
    <ClInclude Include="NpcLuaConnector.h">
      <Filter>Header Files\LuaConnectors</Filter>
    </ClInclude>
    <ClInclude Include="NpcCommandCombat.h">
      <Filter>Header Files\NpcCommands</Filter>
    </ClInclude>
    <ClInclude Include="EntityCombat.h">
      <Filter>Header Files\Entities\Parts</Filter>
    </ClInclude>
    <ClInclude Include="NpcEventCombatDecision.h">
      <Filter>Header Files\NpcEvents</Filter>
    </ClInclude>
    <ClInclude Include="EffectDealDamage.h">
      <Filter>Header Files\Effects</Filter>
    </ClInclude>
    <ClInclude Include="EffectHealTarget.h">
      <Filter>Header Files\Effects</Filter>
    </ClInclude>
  </ItemGroup>
</Project>