<?xml version="1.0" encoding="utf-8"?>
<Project ToolsVersion="4.0" xmlns="http://schemas.microsoft.com/developer/msbuild/2003">
  <ItemGroup>
    <Filter Include="Source Files">
      <UniqueIdentifier>{4FC737F1-C7A5-4376-A066-2A32D752A2FF}</UniqueIdentifier>
      <Extensions>cpp;c;cc;cxx;def;odl;idl;hpj;bat;asm;asmx</Extensions>
    </Filter>
    <Filter Include="Header Files">
      <UniqueIdentifier>{93995380-89BD-4b04-88EB-625FBE52EBFB}</UniqueIdentifier>
      <Extensions>h;hh;hpp;hxx;hm;inl;inc;ipp;xsd</Extensions>
    </Filter>
    <Filter Include="Resource Files">
      <UniqueIdentifier>{67DA6AB6-F800-4c08-8B7A-83BB121AAD01}</UniqueIdentifier>
      <Extensions>rc;ico;cur;bmp;dlg;rc2;rct;bin;rgs;gif;jpg;jpeg;jpe;resx;tiff;tif;png;wav;mfcribbon-ms</Extensions>
    </Filter>
    <Filter Include="Header Files\Events">
      <UniqueIdentifier>{771fd3ea-d838-44dc-b512-8460a69c42ad}</UniqueIdentifier>
    </Filter>
    <Filter Include="Source Files\Events">
      <UniqueIdentifier>{fb972175-3d3c-4a66-94dd-f702a3a6c518}</UniqueIdentifier>
    </Filter>
    <Filter Include="Header Files\Tools">
      <UniqueIdentifier>{6e8e626a-3ddd-40c6-ba89-646e15d66705}</UniqueIdentifier>
    </Filter>
    <Filter Include="Source Files\Tools">
      <UniqueIdentifier>{60d4932f-ee7f-434f-a183-f47874107c9c}</UniqueIdentifier>
    </Filter>
    <Filter Include="Libraries">
      <UniqueIdentifier>{c85fbb60-7bba-45db-9fe8-be3180196035}</UniqueIdentifier>
    </Filter>
  </ItemGroup>
  <ItemGroup>
    <ClInclude Include="stdafx.h">
      <Filter>Header Files</Filter>
    </ClInclude>
    <ClInclude Include="targetver.h">
      <Filter>Header Files</Filter>
    </ClInclude>
    <ClInclude Include="GameEvent.h">
      <Filter>Header Files\Events</Filter>
    </ClInclude>
    <ClInclude Include="EventId.h">
      <Filter>Header Files\Events</Filter>
    </ClInclude>
    <ClInclude Include="EventMovementChange.h">
      <Filter>Header Files\Events</Filter>
    </ClInclude>
    <ClInclude Include="EventLoginRequest.h">
      <Filter>Header Files\Events</Filter>
    </ClInclude>
    <ClInclude Include="EventLoginResponse.h">
      <Filter>Header Files\Events</Filter>
    </ClInclude>
    <ClInclude Include="CharacterConstants.h">
      <Filter>Header Files</Filter>
    </ClInclude>
    <ClInclude Include="EventCharacterChoose.h">
      <Filter>Header Files\Events</Filter>
    </ClInclude>
    <ClInclude Include="EventCharacterChooseResponse.h">
      <Filter>Header Files\Events</Filter>
    </ClInclude>
    <ClInclude Include="EventCharacterMapJoin.h">
      <Filter>Header Files\Events</Filter>
    </ClInclude>
    <ClInclude Include="EventCharacterMapLeave.h">
      <Filter>Header Files\Events</Filter>
    </ClInclude>
    <ClInclude Include="EventCharacterLogout.h">
      <Filter>Header Files\Events</Filter>
    </ClInclude>
    <ClInclude Include="Utils.h">
      <Filter>Header Files\Tools</Filter>
    </ClInclude>
    <ClInclude Include="EntityConstants.h">
      <Filter>Header Files</Filter>
    </ClInclude>
    <ClInclude Include="MapGrid.h">
      <Filter>Header Files</Filter>
    </ClInclude>
    <ClInclude Include="MapGridSpot.h">
      <Filter>Header Files</Filter>
    </ClInclude>
    <ClInclude Include="Matrix.h">
      <Filter>Header Files</Filter>
    </ClInclude>
    <ClInclude Include="Astar.h">
      <Filter>Header Files</Filter>
    </ClInclude>
    <ClInclude Include="Random.h">
      <Filter>Header Files\Tools</Filter>
    </ClInclude>
    <ClInclude Include="ObjectPool.h">
      <Filter>Header Files\Tools</Filter>
    </ClInclude>
    <ClInclude Include="ObjectPoolItem.h">
      <Filter>Header Files\Tools</Filter>
    </ClInclude>
    <ClInclude Include="EventNpcsMovementChange.h">
      <Filter>Header Files\Events</Filter>
    </ClInclude>
    <ClInclude Include="EventNpcMovementChange.h">
      <Filter>Header Files\Events</Filter>
    </ClInclude>
    <ClInclude Include="NpcConstants.h">
      <Filter>Header Files</Filter>
    </ClInclude>
    <ClInclude Include="json.hpp">
      <Filter>Libraries</Filter>
    </ClInclude>
    <ClInclude Include="EventNpcChanges.h">
      <Filter>Header Files\Events</Filter>
    </ClInclude>
    <ClInclude Include="DeleteElementPointer.h">
      <Filter>Header Files</Filter>
    </ClInclude>
    <ClInclude Include="EventNpcStatusChanged.h">
      <Filter>Header Files\Events</Filter>
    </ClInclude>
    <ClInclude Include="Subscriber.h">
      <Filter>Header Files</Filter>
    </ClInclude>
    <ClInclude Include="EventAttributesChanged.h">
      <Filter>Header Files\Events</Filter>
    </ClInclude>
    <ClInclude Include="EventAttributeBonusesChanged.h">
      <Filter>Header Files\Events</Filter>
    </ClInclude>
    <ClInclude Include="EventPlayerStartCastSpell.h">
      <Filter>Header Files\Events</Filter>
    </ClInclude>
    <ClInclude Include="PriorityQueue.h">
      <Filter>Header Files</Filter>
    </ClInclude>
    <ClInclude Include="SpellConstants.h">
      <Filter>Header Files</Filter>
    </ClInclude>
    <ClInclude Include="EventSpellCastResult.h">
      <Filter>Header Files\Events</Filter>
    </ClInclude>
    <ClInclude Include="EventSendMessage.h">
      <Filter>Header Files\Events</Filter>
    </ClInclude>
    <ClInclude Include="ChatConstants.h">
      <Filter>Header Files</Filter>
    </ClInclude>
    <ClInclude Include="EventIncreaseCharacterAttribute.h">
      <Filter>Header Files\Events</Filter>
    </ClInclude>
    <ClInclude Include="EventFreeSpellToLearn.h">
      <Filter>Header Files\Events</Filter>
    </ClInclude>
    <ClInclude Include="EventLearnSpell.h">
      <Filter>Header Files\Events</Filter>
    </ClInclude>
    <ClInclude Include="EventAutoattackPlayer.h">
      <Filter>Header Files\Events</Filter>
    </ClInclude>
    <ClInclude Include="EventNpcPositionChange.h">
      <Filter>Header Files</Filter>
    </ClInclude>
    <ClInclude Include="resource.h">
      <Filter>Header Files</Filter>
    </ClInclude>
    <ClInclude Include="EventCharacterPositionChanged.h">
      <Filter>Header Files</Filter>
    </ClInclude>
  </ItemGroup>
  <ItemGroup>
    <ClCompile Include="stdafx.cpp">
      <Filter>Source Files</Filter>
    </ClCompile>
    <ClCompile Include="GameEvent.cpp">
      <Filter>Source Files\Events</Filter>
    </ClCompile>
    <ClCompile Include="EventMovementChange.cpp">
      <Filter>Source Files\Events</Filter>
    </ClCompile>
    <ClCompile Include="EventLoginRequest.cpp">
      <Filter>Source Files\Events</Filter>
    </ClCompile>
    <ClCompile Include="EventLoginResponse.cpp">
      <Filter>Source Files\Events</Filter>
    </ClCompile>
    <ClCompile Include="EventCharacterChoose.cpp">
      <Filter>Source Files\Events</Filter>
    </ClCompile>
    <ClCompile Include="EventCharacterChooseResponse.cpp">
      <Filter>Source Files\Events</Filter>
    </ClCompile>
    <ClCompile Include="EventCharacterMapJoin.cpp">
      <Filter>Source Files\Events</Filter>
    </ClCompile>
    <ClCompile Include="EventCharacterMapLeave.cpp">
      <Filter>Source Files\Events</Filter>
    </ClCompile>
    <ClCompile Include="EventCharacterLogout.cpp">
      <Filter>Source Files\Events</Filter>
    </ClCompile>
    <ClCompile Include="Utils.cpp">
      <Filter>Source Files\Tools</Filter>
    </ClCompile>
    <ClCompile Include="MapGrid.cpp">
      <Filter>Source Files</Filter>
    </ClCompile>
    <ClCompile Include="MapGridSpot.cpp">
      <Filter>Source Files</Filter>
    </ClCompile>
    <ClCompile Include="Astar.cpp">
      <Filter>Source Files</Filter>
    </ClCompile>
    <ClCompile Include="Random.cpp">
      <Filter>Source Files\Tools</Filter>
    </ClCompile>
    <ClCompile Include="EventNpcMovementChange.cpp">
      <Filter>Source Files\Events</Filter>
    </ClCompile>
    <ClCompile Include="EventNpcsMovementChange.cpp">
      <Filter>Source Files\Events</Filter>
    </ClCompile>
    <ClCompile Include="EventNpcChanges.cpp">
      <Filter>Source Files\Events</Filter>
    </ClCompile>
    <ClCompile Include="EventNpcStatusChanged.cpp">
      <Filter>Source Files\Events</Filter>
    </ClCompile>
    <ClCompile Include="Subscriber.cpp">
      <Filter>Source Files</Filter>
    </ClCompile>
    <ClCompile Include="EventAttributesChanged.cpp">
      <Filter>Source Files\Events</Filter>
    </ClCompile>
    <ClCompile Include="EventAttributeBonusesChanged.cpp">
      <Filter>Source Files\Events</Filter>
    </ClCompile>
    <ClCompile Include="EventPlayerStartCastSpell.cpp">
      <Filter>Source Files\Events</Filter>
    </ClCompile>
    <ClCompile Include="EventSpellCastResult.cpp">
      <Filter>Source Files\Events</Filter>
    </ClCompile>
    <ClCompile Include="EventSendMessage.cpp">
      <Filter>Source Files\Events</Filter>
    </ClCompile>
    <ClCompile Include="EventIncreaseCharacterAttribute.cpp">
      <Filter>Source Files\Events</Filter>
    </ClCompile>
    <ClCompile Include="EventFreeSpellToLearn.cpp">
      <Filter>Source Files\Events</Filter>
    </ClCompile>
    <ClCompile Include="EventLearnSpell.cpp">
      <Filter>Source Files\Events</Filter>
    </ClCompile>
    <ClCompile Include="EventAutoattackPlayer.cpp">
      <Filter>Source Files\Events</Filter>
    </ClCompile>
    <ClCompile Include="EventCharacterPositionChanged.cpp">
      <Filter>Source Files\Events</Filter>
    </ClCompile>
    <ClCompile Include="EventNpcPositionChange.cpp">
      <Filter>Source Files\Events</Filter>
    </ClCompile>
  </ItemGroup>
</Project>